
Microsoft Visual Studio Solution File, Format Version 12.00
# Visual Studio Version 17
VisualStudioVersion = 17.0.32126.317
MinimumVisualStudioVersion = 10.0.40219.1
Project("{8BC9CEB8-8B4A-11D0-8D11-00A0C91BC942}") = "LAB3 Classes and Encapsulation", "LAB3 Classes\LAB3 Classes.vcxproj", "{0A386561-C6CA-4E19-96EE-991D68F21316}"
EndProject
Project("{8BC9CEB8-8B4A-11D0-8D11-00A0C91BC942}") = "LAB4", "LAB4\LAB4.vcxproj", "{3DCF902E-225C-4A31-B954-2C18525DC09B}"
EndProject
Project("{8BC9CEB8-8B4A-11D0-8D11-00A0C91BC942}") = "LAB2 Exceptions", "LAB 2 Exceptions\Exceptions.vcxproj", "{4C450BB0-09FF-4341-AD5C-8C1843A141BC}"
EndProject
Project("{8BC9CEB8-8B4A-11D0-8D11-00A0C91BC942}") = "LAB5", "LAB5\LAB5.vcxproj", "{677174A3-8B20-4191-A616-EE1854EE1C4F}"
EndProject
Global
	GlobalSection(SolutionConfigurationPlatforms) = preSolution
		Debug|x64 = Debug|x64
		Debug|x86 = Debug|x86
		Release|x64 = Release|x64
		Release|x86 = Release|x86
	EndGlobalSection
	GlobalSection(ProjectConfigurationPlatforms) = postSolution
		{0A386561-C6CA-4E19-96EE-991D68F21316}.Debug|x64.ActiveCfg = Debug|x64
		{0A386561-C6CA-4E19-96EE-991D68F21316}.Debug|x64.Build.0 = Debug|x64
		{0A386561-C6CA-4E19-96EE-991D68F21316}.Debug|x86.ActiveCfg = Debug|Win32
		{0A386561-C6CA-4E19-96EE-991D68F21316}.Debug|x86.Build.0 = Debug|Win32
		{0A386561-C6CA-4E19-96EE-991D68F21316}.Release|x64.ActiveCfg = Release|x64
		{0A386561-C6CA-4E19-96EE-991D68F21316}.Release|x64.Build.0 = Release|x64
		{0A386561-C6CA-4E19-96EE-991D68F21316}.Release|x86.ActiveCfg = Release|Win32
		{0A386561-C6CA-4E19-96EE-991D68F21316}.Release|x86.Build.0 = Release|Win32
		{3DCF902E-225C-4A31-B954-2C18525DC09B}.Debug|x64.ActiveCfg = Debug|x64
		{3DCF902E-225C-4A31-B954-2C18525DC09B}.Debug|x64.Build.0 = Debug|x64
		{3DCF902E-225C-4A31-B954-2C18525DC09B}.Debug|x86.ActiveCfg = Debug|Win32
		{3DCF902E-225C-4A31-B954-2C18525DC09B}.Debug|x86.Build.0 = Debug|Win32
		{3DCF902E-225C-4A31-B954-2C18525DC09B}.Release|x64.ActiveCfg = Release|x64
		{3DCF902E-225C-4A31-B954-2C18525DC09B}.Release|x64.Build.0 = Release|x64
		{3DCF902E-225C-4A31-B954-2C18525DC09B}.Release|x86.ActiveCfg = Release|Win32
		{3DCF902E-225C-4A31-B954-2C18525DC09B}.Release|x86.Build.0 = Release|Win32
		{4C450BB0-09FF-4341-AD5C-8C1843A141BC}.Debug|x64.ActiveCfg = Debug|x64
		{4C450BB0-09FF-4341-AD5C-8C1843A141BC}.Debug|x64.Build.0 = Debug|x64
		{4C450BB0-09FF-4341-AD5C-8C1843A141BC}.Debug|x86.ActiveCfg = Debug|Win32
		{4C450BB0-09FF-4341-AD5C-8C1843A141BC}.Debug|x86.Build.0 = Debug|Win32
		{4C450BB0-09FF-4341-AD5C-8C1843A141BC}.Release|x64.ActiveCfg = Release|x64
		{4C450BB0-09FF-4341-AD5C-8C1843A141BC}.Release|x64.Build.0 = Release|x64
		{4C450BB0-09FF-4341-AD5C-8C1843A141BC}.Release|x86.ActiveCfg = Release|Win32
		{4C450BB0-09FF-4341-AD5C-8C1843A141BC}.Release|x86.Build.0 = Release|Win32
		{677174A3-8B20-4191-A616-EE1854EE1C4F}.Debug|x64.ActiveCfg = Debug|x64
		{677174A3-8B20-4191-A616-EE1854EE1C4F}.Debug|x64.Build.0 = Debug|x64
		{677174A3-8B20-4191-A616-EE1854EE1C4F}.Debug|x86.ActiveCfg = Debug|Win32
		{677174A3-8B20-4191-A616-EE1854EE1C4F}.Debug|x86.Build.0 = Debug|Win32
		{677174A3-8B20-4191-A616-EE1854EE1C4F}.Release|x64.ActiveCfg = Release|x64
		{677174A3-8B20-4191-A616-EE1854EE1C4F}.Release|x64.Build.0 = Release|x64
		{677174A3-8B20-4191-A616-EE1854EE1C4F}.Release|x86.ActiveCfg = Release|Win32
		{677174A3-8B20-4191-A616-EE1854EE1C4F}.Release|x86.Build.0 = Release|Win32
	EndGlobalSection
	GlobalSection(SolutionProperties) = preSolution
		HideSolutionNode = FALSE
	EndGlobalSection
	GlobalSection(ExtensibilityGlobals) = postSolution
		SolutionGuid = {B067A86D-02E1-4AA5-80A6-6B4973A0A21F}
	EndGlobalSection
EndGlobal
