<?xml version="1.0" encoding="utf-8"?>
<Project ToolsVersion="4.0" xmlns="http://schemas.microsoft.com/developer/msbuild/2003">
  <ItemGroup>
    <Filter Include="Source Files">
      <UniqueIdentifier>{4FC737F1-C7A5-4376-A066-2A32D752A2FF}</UniqueIdentifier>
      <Extensions>cpp;c;cc;cxx;c++;cppm;ixx;def;odl;idl;hpj;bat;asm;asmx</Extensions>
    </Filter>
    <Filter Include="Header Files">
      <UniqueIdentifier>{93995380-89BD-4b04-88EB-625FBE52EBFB}</UniqueIdentifier>
      <Extensions>h;hh;hpp;hxx;h++;hm;inl;inc;ipp;xsd</Extensions>
    </Filter>
    <Filter Include="Resource Files">
      <UniqueIdentifier>{67DA6AB6-F800-4c08-8B7A-83BB121AAD01}</UniqueIdentifier>
      <Extensions>rc;ico;cur;bmp;dlg;rc2;rct;bin;rgs;gif;jpg;jpeg;jpe;resx;tiff;tif;png;wav;mfcribbon-ms</Extensions>
    </Filter>
    <Filter Include="Header Files\StructuresArrayFields">
      <UniqueIdentifier>{06509ab5-a6cb-487e-b70c-88261b667b08}</UniqueIdentifier>
    </Filter>
    <Filter Include="Resource Files\StructuresArrayFields">
      <UniqueIdentifier>{38783e55-68f3-4493-a513-e4bc17359019}</UniqueIdentifier>
    </Filter>
    <Filter Include="Header Files\Aggregation">
      <UniqueIdentifier>{3a66f4db-03f1-4a6f-9a1c-2678a0a6214c}</UniqueIdentifier>
    </Filter>
    <Filter Include="Resource Files\Aggregation">
      <UniqueIdentifier>{af83e663-fb5e-45c4-9d1f-845c62314faf}</UniqueIdentifier>
    </Filter>
    <Filter Include="Header Files\OneToManyAggregation">
      <UniqueIdentifier>{2074fd1c-ee86-4189-8763-7d98d2a98a11}</UniqueIdentifier>
    </Filter>
    <Filter Include="Resource Files\OneToManyAggregation">
      <UniqueIdentifier>{3e2520bf-f405-43d5-9fbe-272ed143de24}</UniqueIdentifier>
    </Filter>
    <Filter Include="Header Files\Classes">
      <UniqueIdentifier>{464ba2a7-74dc-4819-8cfc-e29b490b5c1f}</UniqueIdentifier>
    </Filter>
    <Filter Include="Resource Files\Classes">
      <UniqueIdentifier>{316ea0ac-68c8-4aed-9fcf-ab30a82d959b}</UniqueIdentifier>
    </Filter>
  </ItemGroup>
  <ItemGroup>
    <ClInclude Include="Header Files\Agregation\3.3.h">
      <Filter>Header Files</Filter>
    </ClInclude>
    <ClInclude Include="Header Files\Agregation\Flight.h">
      <Filter>Header Files</Filter>
    </ClInclude>
    <ClInclude Include="Header Files\Agregation\Point.h">
      <Filter>Header Files</Filter>
    </ClInclude>
    <ClInclude Include="Header Files\Agregation\Rectangle.h">
      <Filter>Header Files</Filter>
    </ClInclude>
    <ClInclude Include="Header Files\Agregation\Time.h">
      <Filter>Header Files</Filter>
    </ClInclude>
    <ClInclude Include="Header Files\Classes\3.5.h">
      <Filter>Header Files</Filter>
    </ClInclude>
    <ClInclude Include="Header Files\Classes\AlbumClass.h">
      <Filter>Header Files</Filter>
    </ClInclude>
    <ClInclude Include="Header Files\Classes\BandClass.h">
      <Filter>Header Files</Filter>
    </ClInclude>
    <ClInclude Include="Header Files\Classes\FlightClass.h">
      <Filter>Header Files</Filter>
    </ClInclude>
    <ClInclude Include="Header Files\Classes\GenreEnum.h">
      <Filter>Header Files</Filter>
    </ClInclude>
    <ClInclude Include="Header Files\Classes\PointClass.h">
      <Filter>Header Files</Filter>
    </ClInclude>
    <ClInclude Include="Header Files\Classes\RectangleClass.h">
      <Filter>Header Files</Filter>
    </ClInclude>
    <ClInclude Include="Header Files\Classes\SongClass.h">
      <Filter>Header Files</Filter>
    </ClInclude>
    <ClInclude Include="Header Files\Classes\TimeClass.h">
      <Filter>Header Files</Filter>
    </ClInclude>
    <ClInclude Include="Header Files\OneToManyAggregation\3.4.h">
      <Filter>Header Files</Filter>
    </ClInclude>
    <ClInclude Include="Header Files\OneToManyAggregation\Album.h">
      <Filter>Header Files</Filter>
    </ClInclude>
    <ClInclude Include="Header Files\OneToManyAggregation\Band.h">
      <Filter>Header Files</Filter>
    </ClInclude>
    <ClInclude Include="Header Files\OneToManyAggregation\Song.h">
      <Filter>Header Files</Filter>
    </ClInclude>
    <ClInclude Include="Header Files\StructureArrayFields\3.2.h">
      <Filter>Header Files</Filter>
    </ClInclude>
    <ClInclude Include="Header Files\StructureArrayFields\Book.h">
      <Filter>Header Files</Filter>
    </ClInclude>
    <ClInclude Include="Header Files\StructureArrayFields\Route.h">
      <Filter>Header Files</Filter>
    </ClInclude>
  </ItemGroup>
  <ItemGroup>
    <ClCompile Include="Resource Files\Main.cpp">
      <Filter>Source Files</Filter>
    </ClCompile>
    <ClCompile Include="Resource Files\Aggregation\3.3.cpp">
      <Filter>Source Files</Filter>
    </ClCompile>
    <ClCompile Include="Resource Files\Aggregation\Flight.cpp">
      <Filter>Source Files</Filter>
    </ClCompile>
    <ClCompile Include="Resource Files\Aggregation\Point.cpp">
      <Filter>Source Files</Filter>
    </ClCompile>
    <ClCompile Include="Resource Files\Aggregation\Rectangle.cpp">
      <Filter>Source Files</Filter>
    </ClCompile>
    <ClCompile Include="Resource Files\Aggregation\Time.cpp">
      <Filter>Source Files</Filter>
    </ClCompile>
    <ClCompile Include="Resource Files\Classes\3.5.cpp">
      <Filter>Source Files</Filter>
    </ClCompile>
    <ClCompile Include="Resource Files\Classes\AlbumClass.cpp">
      <Filter>Source Files</Filter>
    </ClCompile>
    <ClCompile Include="Resource Files\Classes\BandClass.cpp">
      <Filter>Source Files</Filter>
    </ClCompile>
    <ClCompile Include="Resource Files\Classes\FlightClass.cpp">
      <Filter>Source Files</Filter>
    </ClCompile>
    <ClCompile Include="Resource Files\Classes\PointClass.cpp">
      <Filter>Source Files</Filter>
    </ClCompile>
    <ClCompile Include="Resource Files\Classes\RectangleClass.cpp">
      <Filter>Source Files</Filter>
    </ClCompile>
    <ClCompile Include="Resource Files\Classes\SongClass.cpp">
      <Filter>Source Files</Filter>
    </ClCompile>
    <ClCompile Include="Resource Files\Classes\TimeClass.cpp">
      <Filter>Source Files</Filter>
    </ClCompile>
    <ClCompile Include="Resource Files\OneToManyAggregation\3.4.cpp">
      <Filter>Source Files</Filter>
    </ClCompile>
    <ClCompile Include="Resource Files\OneToManyAggregation\Album.cpp">
      <Filter>Source Files</Filter>
    </ClCompile>
    <ClCompile Include="Resource Files\OneToManyAggregation\Band.cpp">
      <Filter>Source Files</Filter>
    </ClCompile>
    <ClCompile Include="Resource Files\OneToManyAggregation\Song.cpp">
      <Filter>Source Files</Filter>
    </ClCompile>
    <ClCompile Include="Resource Files\StructuresArrayFields\3.2.cpp">
      <Filter>Source Files</Filter>
    </ClCompile>
    <ClCompile Include="Resource Files\StructuresArrayFields\Book.cpp">
      <Filter>Source Files</Filter>
    </ClCompile>
    <ClCompile Include="Resource Files\StructuresArrayFields\Route.cpp">
      <Filter>Source Files</Filter>
    </ClCompile>
  </ItemGroup>
</Project>